
Microsoft Visual Studio Solution File, Format Version 12.00
# Visual Studio Version 17
VisualStudioVersion = 17.12.35527.113
MinimumVisualStudioVersion = 10.0.40219.1
Project("{2150E333-8FDC-42A3-9474-1A3956D46DE8}") = "src", "src", "{60608964-3258-4CDE-8DFB-202F04BF0BC9}"
EndProject
Project("{2150E333-8FDC-42A3-9474-1A3956D46DE8}") = "infrastructure", "infrastructure", "{12200DA6-5F79-4C63-B400-7E769FC2F2C1}"
EndProject
Project("{2150E333-8FDC-42A3-9474-1A3956D46DE8}") = "docs", "docs", "{C8B6EC7B-0C88-4F43-A06E-1EC509254BE0}"
	ProjectSection(SolutionItems) = preProject
		Architecture.txt = Architecture.txt
		..\..\..\Downloads\complete-user-service-erd.mermaid = ..\..\..\Downloads\complete-user-service-erd.mermaid
	EndProjectSection
EndProject
Project("{2150E333-8FDC-42A3-9474-1A3956D46DE8}") = "tests", "tests", "{A70ECCC5-FCDD-4203-8DF6-830A69210D8E}"
EndProject
Project("{2150E333-8FDC-42A3-9474-1A3956D46DE8}") = "API Gateway", "API Gateway", "{B4309DB3-EC7E-48EF-90E2-32E67F926277}"
EndProject
Project("{2150E333-8FDC-42A3-9474-1A3956D46DE8}") = "Services", "Services", "{4AD3C5EE-1382-4FDD-ACE1-67AE2AF1E311}"
EndProject
Project("{2150E333-8FDC-42A3-9474-1A3956D46DE8}") = "Shared", "Shared", "{CFB59515-699A-47FE-89F3-167DEED820A3}"
EndProject
Project("{2150E333-8FDC-42A3-9474-1A3956D46DE8}") = "Frontend", "Frontend", "{3DFE0B73-F9D6-4AD5-ABC2-D75DD89AA5A3}"
EndProject
Project("{2150E333-8FDC-42A3-9474-1A3956D46DE8}") = "Docker", "Docker", "{EA204668-B8D6-4BD7-9258-0696C6ADDD29}"
EndProject
Project("{2150E333-8FDC-42A3-9474-1A3956D46DE8}") = "Kubernetes", "Kubernetes", "{D779724A-B196-4590-83F8-4BEBF683EF5A}"
EndProject
Project("{2150E333-8FDC-42A3-9474-1A3956D46DE8}") = "UserService", "UserService", "{4BACF5E7-7D70-4022-9793-E61410E1006F}"
EndProject
Project("{2150E333-8FDC-42A3-9474-1A3956D46DE8}") = "AccountService", "AccountService", "{C79A16DD-0884-4E68-9CC0-876374CD08E5}"
EndProject
Project("{2150E333-8FDC-42A3-9474-1A3956D46DE8}") = "TransactionService", "TransactionService", "{1333D4F3-F96D-43A9-BB63-9C234586C27A}"
EndProject
Project("{2150E333-8FDC-42A3-9474-1A3956D46DE8}") = "NotificationService", "NotificationService", "{667507A9-1B54-459D-B3DA-C5EAE64BFC98}"
EndProject
Project("{FAE04EC0-301F-11D3-BF4B-00C04F79EFBC}") = "BankingSystem.UserService.Api", "BankingSystem.UserService.Api\BankingSystem.UserService.Api.csproj", "{BCB44239-2DC4-4C38-91B3-500A8D595F64}"
EndProject
Project("{FAE04EC0-301F-11D3-BF4B-00C04F79EFBC}") = "BankingSystem.UserService.Domain", "BankingSystem.UserService.Domain\BankingSystem.UserService.Domain.csproj", "{0F9394A7-C270-41EA-842E-FF05D293A900}"
EndProject
Project("{FAE04EC0-301F-11D3-BF4B-00C04F79EFBC}") = "BankingSystem.UserService.Infrastructure", "BankingSystem.UserService.Infrastructure\BankingSystem.UserService.Infrastructure.csproj", "{5538E051-B5D4-4131-9DF7-BE4A108BD7CB}"
EndProject
Project("{FAE04EC0-301F-11D3-BF4B-00C04F79EFBC}") = "BankingSystem.UserService.Tests", "BankingSystem.UserService.Tests\BankingSystem.UserService.Tests.csproj", "{7C56A17F-88DF-4A29-A922-58EC820EF644}"
EndProject
Global
	GlobalSection(SolutionConfigurationPlatforms) = preSolution
		Debug|Any CPU = Debug|Any CPU
		Release|Any CPU = Release|Any CPU
	EndGlobalSection
	GlobalSection(ProjectConfigurationPlatforms) = postSolution
		{BCB44239-2DC4-4C38-91B3-500A8D595F64}.Debug|Any CPU.ActiveCfg = Debug|Any CPU
		{BCB44239-2DC4-4C38-91B3-500A8D595F64}.Debug|Any CPU.Build.0 = Debug|Any CPU
		{BCB44239-2DC4-4C38-91B3-500A8D595F64}.Release|Any CPU.ActiveCfg = Release|Any CPU
		{BCB44239-2DC4-4C38-91B3-500A8D595F64}.Release|Any CPU.Build.0 = Release|Any CPU
		{0F9394A7-C270-41EA-842E-FF05D293A900}.Debug|Any CPU.ActiveCfg = Debug|Any CPU
		{0F9394A7-C270-41EA-842E-FF05D293A900}.Debug|Any CPU.Build.0 = Debug|Any CPU
		{0F9394A7-C270-41EA-842E-FF05D293A900}.Release|Any CPU.ActiveCfg = Release|Any CPU
		{0F9394A7-C270-41EA-842E-FF05D293A900}.Release|Any CPU.Build.0 = Release|Any CPU
		{5538E051-B5D4-4131-9DF7-BE4A108BD7CB}.Debug|Any CPU.ActiveCfg = Debug|Any CPU
		{5538E051-B5D4-4131-9DF7-BE4A108BD7CB}.Debug|Any CPU.Build.0 = Debug|Any CPU
		{5538E051-B5D4-4131-9DF7-BE4A108BD7CB}.Release|Any CPU.ActiveCfg = Release|Any CPU
		{5538E051-B5D4-4131-9DF7-BE4A108BD7CB}.Release|Any CPU.Build.0 = Release|Any CPU
		{7C56A17F-88DF-4A29-A922-58EC820EF644}.Debug|Any CPU.ActiveCfg = Debug|Any CPU
		{7C56A17F-88DF-4A29-A922-58EC820EF644}.Debug|Any CPU.Build.0 = Debug|Any CPU
		{7C56A17F-88DF-4A29-A922-58EC820EF644}.Release|Any CPU.ActiveCfg = Release|Any CPU
		{7C56A17F-88DF-4A29-A922-58EC820EF644}.Release|Any CPU.Build.0 = Release|Any CPU
	EndGlobalSection
	GlobalSection(SolutionProperties) = preSolution
		HideSolutionNode = FALSE
	EndGlobalSection
	GlobalSection(NestedProjects) = preSolution
		{B4309DB3-EC7E-48EF-90E2-32E67F926277} = {60608964-3258-4CDE-8DFB-202F04BF0BC9}
		{4AD3C5EE-1382-4FDD-ACE1-67AE2AF1E311} = {60608964-3258-4CDE-8DFB-202F04BF0BC9}
		{CFB59515-699A-47FE-89F3-167DEED820A3} = {60608964-3258-4CDE-8DFB-202F04BF0BC9}
		{3DFE0B73-F9D6-4AD5-ABC2-D75DD89AA5A3} = {60608964-3258-4CDE-8DFB-202F04BF0BC9}
		{EA204668-B8D6-4BD7-9258-0696C6ADDD29} = {12200DA6-5F79-4C63-B400-7E769FC2F2C1}
		{D779724A-B196-4590-83F8-4BEBF683EF5A} = {12200DA6-5F79-4C63-B400-7E769FC2F2C1}
		{4BACF5E7-7D70-4022-9793-E61410E1006F} = {4AD3C5EE-1382-4FDD-ACE1-67AE2AF1E311}
		{C79A16DD-0884-4E68-9CC0-876374CD08E5} = {4AD3C5EE-1382-4FDD-ACE1-67AE2AF1E311}
		{1333D4F3-F96D-43A9-BB63-9C234586C27A} = {4AD3C5EE-1382-4FDD-ACE1-67AE2AF1E311}
		{667507A9-1B54-459D-B3DA-C5EAE64BFC98} = {4AD3C5EE-1382-4FDD-ACE1-67AE2AF1E311}
		{BCB44239-2DC4-4C38-91B3-500A8D595F64} = {4BACF5E7-7D70-4022-9793-E61410E1006F}
		{0F9394A7-C270-41EA-842E-FF05D293A900} = {4BACF5E7-7D70-4022-9793-E61410E1006F}
		{5538E051-B5D4-4131-9DF7-BE4A108BD7CB} = {4BACF5E7-7D70-4022-9793-E61410E1006F}
		{7C56A17F-88DF-4A29-A922-58EC820EF644} = {4BACF5E7-7D70-4022-9793-E61410E1006F}
	EndGlobalSection
EndGlobal
